
Microsoft Visual Studio Solution File, Format Version 12.00
# Visual Studio 15
VisualStudioVersion = 15.0.27703.2035
MinimumVisualStudioVersion = 10.0.40219.1
Project("{9A19103F-16F7-4668-BE54-9A1E7A4F7556}") = "Review.Core", "Review.Core\Review.Core.csproj", "{6A63ACB5-E9C8-42F6-8C72-D5E3AFDD5D04}"
EndProject
Project("{9A19103F-16F7-4668-BE54-9A1E7A4F7556}") = "Review.Core.Tests", "Review.Core.Tests\Review.Core.Tests.csproj", "{46052ABE-001A-4591-AF8E-A371D50AA9FB}"
EndProject
Project("{9A19103F-16F7-4668-BE54-9A1E7A4F7556}") = "ReviewBot", "ReviewBot\ReviewBot.csproj", "{79D268F6-75B1-4E0F-81BE-ED129B7A2220}"
EndProject
Project("{2150E333-8FDC-42A3-9474-1A3956D46DE8}") = "Tests", "Tests", "{9832A85F-E943-4545-B983-A42C46A3CBFD}"
EndProject
Project("{2150E333-8FDC-42A3-9474-1A3956D46DE8}") = "Src", "Src", "{40AF5E3B-EFB8-4D45-BAA6-DE3907DD6D95}"
EndProject
Global
	GlobalSection(SolutionConfigurationPlatforms) = preSolution
		Debug|Any CPU = Debug|Any CPU
		Release|Any CPU = Release|Any CPU
	EndGlobalSection
	GlobalSection(ProjectConfigurationPlatforms) = postSolution
		{6A63ACB5-E9C8-42F6-8C72-D5E3AFDD5D04}.Debug|Any CPU.ActiveCfg = Debug|Any CPU
		{6A63ACB5-E9C8-42F6-8C72-D5E3AFDD5D04}.Debug|Any CPU.Build.0 = Debug|Any CPU
		{6A63ACB5-E9C8-42F6-8C72-D5E3AFDD5D04}.Release|Any CPU.ActiveCfg = Release|Any CPU
		{6A63ACB5-E9C8-42F6-8C72-D5E3AFDD5D04}.Release|Any CPU.Build.0 = Release|Any CPU
		{46052ABE-001A-4591-AF8E-A371D50AA9FB}.Debug|Any CPU.ActiveCfg = Debug|Any CPU
		{46052ABE-001A-4591-AF8E-A371D50AA9FB}.Debug|Any CPU.Build.0 = Debug|Any CPU
		{46052ABE-001A-4591-AF8E-A371D50AA9FB}.Release|Any CPU.ActiveCfg = Release|Any CPU
		{46052ABE-001A-4591-AF8E-A371D50AA9FB}.Release|Any CPU.Build.0 = Release|Any CPU
		{79D268F6-75B1-4E0F-81BE-ED129B7A2220}.Debug|Any CPU.ActiveCfg = Debug|Any CPU
		{79D268F6-75B1-4E0F-81BE-ED129B7A2220}.Debug|Any CPU.Build.0 = Debug|Any CPU
		{79D268F6-75B1-4E0F-81BE-ED129B7A2220}.Release|Any CPU.ActiveCfg = Release|Any CPU
		{79D268F6-75B1-4E0F-81BE-ED129B7A2220}.Release|Any CPU.Build.0 = Release|Any CPU
	EndGlobalSection
	GlobalSection(SolutionProperties) = preSolution
		HideSolutionNode = FALSE
	EndGlobalSection
	GlobalSection(NestedProjects) = preSolution
		{6A63ACB5-E9C8-42F6-8C72-D5E3AFDD5D04} = {40AF5E3B-EFB8-4D45-BAA6-DE3907DD6D95}
		{46052ABE-001A-4591-AF8E-A371D50AA9FB} = {9832A85F-E943-4545-B983-A42C46A3CBFD}
		{79D268F6-75B1-4E0F-81BE-ED129B7A2220} = {40AF5E3B-EFB8-4D45-BAA6-DE3907DD6D95}
	EndGlobalSection
	GlobalSection(ExtensibilityGlobals) = postSolution
		SolutionGuid = {26EBC9AF-C11B-4AD5-8F09-B1B5E04846DD}
	EndGlobalSection
EndGlobal
